
Microsoft Visual Studio Solution File, Format Version 12.00
# Visual Studio Version 16
VisualStudioVersion = 16.0.30804.86
MinimumVisualStudioVersion = 10.0.40219.1
Project("{FAE04EC0-301F-11D3-BF4B-00C04F79EFBC}") = "CS315 Project 2", "CS315 Project 2\CS315 Project 2.csproj", "{46150A7B-751C-4660-BF13-8A3DF0B06455}"
EndProject
Global
	GlobalSection(SolutionConfigurationPlatforms) = preSolution
		Debug|Any CPU = Debug|Any CPU
		Release|Any CPU = Release|Any CPU
	EndGlobalSection
	GlobalSection(ProjectConfigurationPlatforms) = postSolution
		{46150A7B-751C-4660-BF13-8A3DF0B06455}.Debug|Any CPU.ActiveCfg = Debug|Any CPU
		{46150A7B-751C-4660-BF13-8A3DF0B06455}.Debug|Any CPU.Build.0 = Debug|Any CPU
		{46150A7B-751C-4660-BF13-8A3DF0B06455}.Release|Any CPU.ActiveCfg = Release|Any CPU
		{46150A7B-751C-4660-BF13-8A3DF0B06455}.Release|Any CPU.Build.0 = Release|Any CPU
	EndGlobalSection
	GlobalSection(SolutionProperties) = preSolution
		HideSolutionNode = FALSE
	EndGlobalSection
	GlobalSection(ExtensibilityGlobals) = postSolution
		SolutionGuid = {1C14AF8E-7E60-4631-A71A-9927FB2B17E3}
	EndGlobalSection
EndGlobal
